
Microsoft Visual Studio Solution File, Format Version 12.00
# Visual Studio Version 16
VisualStudioVersion = 16.0.29613.14
MinimumVisualStudioVersion = 10.0.40219.1
Project("{8BC9CEB8-8B4A-11D0-8D11-00A0C91BC942}") = "ASRCppStudying", "ASRCppStudying\ASRCppStudying.vcxproj", "{C8064C84-5933-47BB-AD1C-0A7B5367940B}"
EndProject
Project("{8BC9CEB8-8B4A-11D0-8D11-00A0C91BC942}") = "MazeGame", "MazeGame\MazeGame.vcxproj", "{FD683CC6-AD72-430E-A517-6A8126AA8076}"
EndProject
Project("{8BC9CEB8-8B4A-11D0-8D11-00A0C91BC942}") = "File_IO", "File_IO\File_IO.vcxproj", "{05B05C8F-390E-4641-8CDD-90500D1B1D42}"
EndProject
Project("{8BC9CEB8-8B4A-11D0-8D11-00A0C91BC942}") = "File_IO_Binary", "File_IO_Binary\File_IO_Binary.vcxproj", "{8439B733-B3B2-4F7C-82C1-907F11575344}"
EndProject
Project("{8BC9CEB8-8B4A-11D0-8D11-00A0C91BC942}") = "Functional_ptr", "Functional_ptr\Functional_ptr.vcxproj", "{EB0E64EF-DD9A-4C0E-8057-37908410912A}"
EndProject
Project("{8BC9CEB8-8B4A-11D0-8D11-00A0C91BC942}") = "Operator", "Operator\Operator.vcxproj", "{B0A6BDEB-C6F5-4495-A50B-4DA7CE881E8D}"
EndProject
Project("{8BC9CEB8-8B4A-11D0-8D11-00A0C91BC942}") = "MarioGame", "MarioGame\MarioGame.vcxproj", "{89A7F43A-A7EF-429D-8A58-D76C813C3A45}"
EndProject
Global
	GlobalSection(SolutionConfigurationPlatforms) = preSolution
		Debug|x64 = Debug|x64
		Debug|x86 = Debug|x86
		Release|x64 = Release|x64
		Release|x86 = Release|x86
	EndGlobalSection
	GlobalSection(ProjectConfigurationPlatforms) = postSolution
		{C8064C84-5933-47BB-AD1C-0A7B5367940B}.Debug|x64.ActiveCfg = Debug|x64
		{C8064C84-5933-47BB-AD1C-0A7B5367940B}.Debug|x64.Build.0 = Debug|x64
		{C8064C84-5933-47BB-AD1C-0A7B5367940B}.Debug|x86.ActiveCfg = Debug|Win32
		{C8064C84-5933-47BB-AD1C-0A7B5367940B}.Debug|x86.Build.0 = Debug|Win32
		{C8064C84-5933-47BB-AD1C-0A7B5367940B}.Release|x64.ActiveCfg = Release|x64
		{C8064C84-5933-47BB-AD1C-0A7B5367940B}.Release|x64.Build.0 = Release|x64
		{C8064C84-5933-47BB-AD1C-0A7B5367940B}.Release|x86.ActiveCfg = Release|Win32
		{C8064C84-5933-47BB-AD1C-0A7B5367940B}.Release|x86.Build.0 = Release|Win32
		{FD683CC6-AD72-430E-A517-6A8126AA8076}.Debug|x64.ActiveCfg = Debug|x64
		{FD683CC6-AD72-430E-A517-6A8126AA8076}.Debug|x64.Build.0 = Debug|x64
		{FD683CC6-AD72-430E-A517-6A8126AA8076}.Debug|x86.ActiveCfg = Debug|Win32
		{FD683CC6-AD72-430E-A517-6A8126AA8076}.Debug|x86.Build.0 = Debug|Win32
		{FD683CC6-AD72-430E-A517-6A8126AA8076}.Release|x64.ActiveCfg = Release|x64
		{FD683CC6-AD72-430E-A517-6A8126AA8076}.Release|x64.Build.0 = Release|x64
		{FD683CC6-AD72-430E-A517-6A8126AA8076}.Release|x86.ActiveCfg = Release|Win32
		{FD683CC6-AD72-430E-A517-6A8126AA8076}.Release|x86.Build.0 = Release|Win32
		{05B05C8F-390E-4641-8CDD-90500D1B1D42}.Debug|x64.ActiveCfg = Debug|x64
		{05B05C8F-390E-4641-8CDD-90500D1B1D42}.Debug|x64.Build.0 = Debug|x64
		{05B05C8F-390E-4641-8CDD-90500D1B1D42}.Debug|x86.ActiveCfg = Debug|Win32
		{05B05C8F-390E-4641-8CDD-90500D1B1D42}.Debug|x86.Build.0 = Debug|Win32
		{05B05C8F-390E-4641-8CDD-90500D1B1D42}.Release|x64.ActiveCfg = Release|x64
		{05B05C8F-390E-4641-8CDD-90500D1B1D42}.Release|x64.Build.0 = Release|x64
		{05B05C8F-390E-4641-8CDD-90500D1B1D42}.Release|x86.ActiveCfg = Release|Win32
		{05B05C8F-390E-4641-8CDD-90500D1B1D42}.Release|x86.Build.0 = Release|Win32
		{8439B733-B3B2-4F7C-82C1-907F11575344}.Debug|x64.ActiveCfg = Debug|x64
		{8439B733-B3B2-4F7C-82C1-907F11575344}.Debug|x64.Build.0 = Debug|x64
		{8439B733-B3B2-4F7C-82C1-907F11575344}.Debug|x86.ActiveCfg = Debug|Win32
		{8439B733-B3B2-4F7C-82C1-907F11575344}.Debug|x86.Build.0 = Debug|Win32
		{8439B733-B3B2-4F7C-82C1-907F11575344}.Release|x64.ActiveCfg = Release|x64
		{8439B733-B3B2-4F7C-82C1-907F11575344}.Release|x64.Build.0 = Release|x64
		{8439B733-B3B2-4F7C-82C1-907F11575344}.Release|x86.ActiveCfg = Release|Win32
		{8439B733-B3B2-4F7C-82C1-907F11575344}.Release|x86.Build.0 = Release|Win32
		{EB0E64EF-DD9A-4C0E-8057-37908410912A}.Debug|x64.ActiveCfg = Debug|x64
		{EB0E64EF-DD9A-4C0E-8057-37908410912A}.Debug|x64.Build.0 = Debug|x64
		{EB0E64EF-DD9A-4C0E-8057-37908410912A}.Debug|x86.ActiveCfg = Debug|Win32
		{EB0E64EF-DD9A-4C0E-8057-37908410912A}.Debug|x86.Build.0 = Debug|Win32
		{EB0E64EF-DD9A-4C0E-8057-37908410912A}.Release|x64.ActiveCfg = Release|x64
		{EB0E64EF-DD9A-4C0E-8057-37908410912A}.Release|x64.Build.0 = Release|x64
		{EB0E64EF-DD9A-4C0E-8057-37908410912A}.Release|x86.ActiveCfg = Release|Win32
		{EB0E64EF-DD9A-4C0E-8057-37908410912A}.Release|x86.Build.0 = Release|Win32
		{B0A6BDEB-C6F5-4495-A50B-4DA7CE881E8D}.Debug|x64.ActiveCfg = Debug|x64
		{B0A6BDEB-C6F5-4495-A50B-4DA7CE881E8D}.Debug|x64.Build.0 = Debug|x64
		{B0A6BDEB-C6F5-4495-A50B-4DA7CE881E8D}.Debug|x86.ActiveCfg = Debug|Win32
		{B0A6BDEB-C6F5-4495-A50B-4DA7CE881E8D}.Debug|x86.Build.0 = Debug|Win32
		{B0A6BDEB-C6F5-4495-A50B-4DA7CE881E8D}.Release|x64.ActiveCfg = Release|x64
		{B0A6BDEB-C6F5-4495-A50B-4DA7CE881E8D}.Release|x64.Build.0 = Release|x64
		{B0A6BDEB-C6F5-4495-A50B-4DA7CE881E8D}.Release|x86.ActiveCfg = Release|Win32
		{B0A6BDEB-C6F5-4495-A50B-4DA7CE881E8D}.Release|x86.Build.0 = Release|Win32
		{89A7F43A-A7EF-429D-8A58-D76C813C3A45}.Debug|x64.ActiveCfg = Debug|x64
		{89A7F43A-A7EF-429D-8A58-D76C813C3A45}.Debug|x64.Build.0 = Debug|x64
		{89A7F43A-A7EF-429D-8A58-D76C813C3A45}.Debug|x86.ActiveCfg = Debug|Win32
		{89A7F43A-A7EF-429D-8A58-D76C813C3A45}.Debug|x86.Build.0 = Debug|Win32
		{89A7F43A-A7EF-429D-8A58-D76C813C3A45}.Release|x64.ActiveCfg = Release|x64
		{89A7F43A-A7EF-429D-8A58-D76C813C3A45}.Release|x64.Build.0 = Release|x64
		{89A7F43A-A7EF-429D-8A58-D76C813C3A45}.Release|x86.ActiveCfg = Release|Win32
		{89A7F43A-A7EF-429D-8A58-D76C813C3A45}.Release|x86.Build.0 = Release|Win32
	EndGlobalSection
	GlobalSection(SolutionProperties) = preSolution
		HideSolutionNode = FALSE
	EndGlobalSection
	GlobalSection(ExtensibilityGlobals) = postSolution
		SolutionGuid = {F5161FEF-5561-4E47-A547-DF6C6F4F7088}
	EndGlobalSection
EndGlobal
